
Microsoft Visual Studio Solution File, Format Version 12.00
# Visual Studio Version 16
VisualStudioVersion = 16.0.33927.289
MinimumVisualStudioVersion = 10.0.40219.1
Project("{2150E333-8FDC-42A3-9474-1A3956D46DE8}") = "Task0", "Task0", "{643AA502-4E4B-4B2F-9443-BEB93AE7831B}"
EndProject
Project("{FAE04EC0-301F-11D3-BF4B-00C04F79EFBC}") = "Tyuiu.TitkovAA.Sprint5.Task0", "Tyuiu.TitkovAA.Sprint5.Task0\Tyuiu.TitkovAA.Sprint5.Task0.csproj", "{DF11EF7B-4421-442B-AFCB-F00C0A401017}"
EndProject
Project("{FAE04EC0-301F-11D3-BF4B-00C04F79EFBC}") = "Tyuiu.TitkovAA.Sprint5.Task0.Lib", "Tyuiu.TitkovAA.Sprint5.Task0.Lib\Tyuiu.TitkovAA.Sprint5.Task0.Lib.csproj", "{8A53ED5C-E01F-4754-BCE5-96DD2153E3BE}"
EndProject
Project("{FAE04EC0-301F-11D3-BF4B-00C04F79EFBC}") = "Tyuiu.TitkovAA.Sprint5.Task0.Test", "Tyuiu.TitkovAA.Sprint5.Task0.Test\Tyuiu.TitkovAA.Sprint5.Task0.Test.csproj", "{CF00FD07-3695-4757-A864-E505054D8605}"
EndProject
Project("{2150E333-8FDC-42A3-9474-1A3956D46DE8}") = "Task1", "Task1", "{C3481B44-A88F-465D-97C7-42732664D66D}"
EndProject
Project("{FAE04EC0-301F-11D3-BF4B-00C04F79EFBC}") = "Tyuiu.TitkovAA.Sprint5.Task1", "Tyuiu.TitkovAA.Sprint5.Task1\Tyuiu.TitkovAA.Sprint5.Task1.csproj", "{A9196DDE-59F2-4503-BF2A-0CACF68EDE21}"
EndProject
Project("{FAE04EC0-301F-11D3-BF4B-00C04F79EFBC}") = "Tyuiu.TitkovAA.Sprint5.Task1.Test", "Tyuiu.TitkovAA.Sprint5.Task1.Test\Tyuiu.TitkovAA.Sprint5.Task1.Test.csproj", "{233192DF-0E94-43FD-A1D0-24FCDAF6E8D3}"
EndProject
Project("{FAE04EC0-301F-11D3-BF4B-00C04F79EFBC}") = "Tyuiu.TitkovAA.Sprint5.Task1.Lib", "Tyuiu.TitkovAA.Sprint5.Task1.Lib\Tyuiu.TitkovAA.Sprint5.Task1.Lib.csproj", "{39831BBB-3E46-4DDD-B119-B295F1EDC9D2}"
EndProject
Project("{2150E333-8FDC-42A3-9474-1A3956D46DE8}") = "Task2", "Task2", "{58379B41-4746-433D-B24E-C6AC249DA33C}"
EndProject
Project("{FAE04EC0-301F-11D3-BF4B-00C04F79EFBC}") = "Tyuiu.TitkovAA.Sprint5.Task2", "Tyuiu.TitkovAA.Sprint5.Task2\Tyuiu.TitkovAA.Sprint5.Task2.csproj", "{15567316-4F8D-40FE-9924-16E170600AAA}"
EndProject
Project("{FAE04EC0-301F-11D3-BF4B-00C04F79EFBC}") = "Tyuiu.TitkovAA.Sprint5.Task2.Lib", "Tyuiu.TitkovAA.Sprint5.Task2.Lib\Tyuiu.TitkovAA.Sprint5.Task2.Lib.csproj", "{B1F5CD9F-9A10-417F-A2E2-644F1A3DC37B}"
EndProject
Project("{FAE04EC0-301F-11D3-BF4B-00C04F79EFBC}") = "Tyuiu.TitkovAA.Sprint5.Task2.Test", "Tyuiu.TitkovAA.Sprint5.Task2.Test\Tyuiu.TitkovAA.Sprint5.Task2.Test.csproj", "{8A10FA4F-4AEE-4BF3-9362-489967E7438F}"
EndProject
Project("{2150E333-8FDC-42A3-9474-1A3956D46DE8}") = "Task4", "Task4", "{3D4BB372-B9D2-4D93-8784-B7DF7249DE49}"
EndProject
Project("{FAE04EC0-301F-11D3-BF4B-00C04F79EFBC}") = "Tyuiu.TitkovAA.Sprint5.Task4.V19", "Tyuiu.TitkovAA.Sprint5.Task4.V19\Tyuiu.TitkovAA.Sprint5.Task4.V19.csproj", "{A314F949-3ECE-40A9-8F29-D9D5BC2F5B04}"
EndProject
Project("{FAE04EC0-301F-11D3-BF4B-00C04F79EFBC}") = "Tyuiu.TitkovAA.Sprint5.Task4.V19.Test", "Tyuiu.TitkovAA.Sprint5.Task4.V19.Test\Tyuiu.TitkovAA.Sprint5.Task4.V19.Test.csproj", "{FCB0CEFC-9C73-438B-9474-1BEBA59773FE}"
EndProject
Project("{FAE04EC0-301F-11D3-BF4B-00C04F79EFBC}") = "Tyuiu.TitkovAA.Sprint5.Task4.V19.Lib", "Tyuiu.TitkovAA.Sprint5.Task4.V19.Lib\Tyuiu.TitkovAA.Sprint5.Task4.V19.Lib.csproj", "{7E336DFE-7F62-4DB3-97B0-DC56F87FD2CD}"
EndProject
Global
	GlobalSection(SolutionConfigurationPlatforms) = preSolution
		Debug|Any CPU = Debug|Any CPU
		Release|Any CPU = Release|Any CPU
	EndGlobalSection
	GlobalSection(ProjectConfigurationPlatforms) = postSolution
		{DF11EF7B-4421-442B-AFCB-F00C0A401017}.Debug|Any CPU.ActiveCfg = Debug|Any CPU
		{DF11EF7B-4421-442B-AFCB-F00C0A401017}.Debug|Any CPU.Build.0 = Debug|Any CPU
		{DF11EF7B-4421-442B-AFCB-F00C0A401017}.Release|Any CPU.ActiveCfg = Release|Any CPU
		{DF11EF7B-4421-442B-AFCB-F00C0A401017}.Release|Any CPU.Build.0 = Release|Any CPU
		{8A53ED5C-E01F-4754-BCE5-96DD2153E3BE}.Debug|Any CPU.ActiveCfg = Debug|Any CPU
		{8A53ED5C-E01F-4754-BCE5-96DD2153E3BE}.Debug|Any CPU.Build.0 = Debug|Any CPU
		{8A53ED5C-E01F-4754-BCE5-96DD2153E3BE}.Release|Any CPU.ActiveCfg = Release|Any CPU
		{8A53ED5C-E01F-4754-BCE5-96DD2153E3BE}.Release|Any CPU.Build.0 = Release|Any CPU
		{CF00FD07-3695-4757-A864-E505054D8605}.Debug|Any CPU.ActiveCfg = Debug|Any CPU
		{CF00FD07-3695-4757-A864-E505054D8605}.Debug|Any CPU.Build.0 = Debug|Any CPU
		{CF00FD07-3695-4757-A864-E505054D8605}.Release|Any CPU.ActiveCfg = Release|Any CPU
		{CF00FD07-3695-4757-A864-E505054D8605}.Release|Any CPU.Build.0 = Release|Any CPU
		{A9196DDE-59F2-4503-BF2A-0CACF68EDE21}.Debug|Any CPU.ActiveCfg = Debug|Any CPU
		{A9196DDE-59F2-4503-BF2A-0CACF68EDE21}.Debug|Any CPU.Build.0 = Debug|Any CPU
		{A9196DDE-59F2-4503-BF2A-0CACF68EDE21}.Release|Any CPU.ActiveCfg = Release|Any CPU
		{A9196DDE-59F2-4503-BF2A-0CACF68EDE21}.Release|Any CPU.Build.0 = Release|Any CPU
		{233192DF-0E94-43FD-A1D0-24FCDAF6E8D3}.Debug|Any CPU.ActiveCfg = Debug|Any CPU
		{233192DF-0E94-43FD-A1D0-24FCDAF6E8D3}.Debug|Any CPU.Build.0 = Debug|Any CPU
		{233192DF-0E94-43FD-A1D0-24FCDAF6E8D3}.Release|Any CPU.ActiveCfg = Release|Any CPU
		{233192DF-0E94-43FD-A1D0-24FCDAF6E8D3}.Release|Any CPU.Build.0 = Release|Any CPU
		{39831BBB-3E46-4DDD-B119-B295F1EDC9D2}.Debug|Any CPU.ActiveCfg = Debug|Any CPU
		{39831BBB-3E46-4DDD-B119-B295F1EDC9D2}.Debug|Any CPU.Build.0 = Debug|Any CPU
		{39831BBB-3E46-4DDD-B119-B295F1EDC9D2}.Release|Any CPU.ActiveCfg = Release|Any CPU
		{39831BBB-3E46-4DDD-B119-B295F1EDC9D2}.Release|Any CPU.Build.0 = Release|Any CPU
		{15567316-4F8D-40FE-9924-16E170600AAA}.Debug|Any CPU.ActiveCfg = Debug|Any CPU
		{15567316-4F8D-40FE-9924-16E170600AAA}.Debug|Any CPU.Build.0 = Debug|Any CPU
		{15567316-4F8D-40FE-9924-16E170600AAA}.Release|Any CPU.ActiveCfg = Release|Any CPU
		{15567316-4F8D-40FE-9924-16E170600AAA}.Release|Any CPU.Build.0 = Release|Any CPU
		{B1F5CD9F-9A10-417F-A2E2-644F1A3DC37B}.Debug|Any CPU.ActiveCfg = Debug|Any CPU
		{B1F5CD9F-9A10-417F-A2E2-644F1A3DC37B}.Debug|Any CPU.Build.0 = Debug|Any CPU
		{B1F5CD9F-9A10-417F-A2E2-644F1A3DC37B}.Release|Any CPU.ActiveCfg = Release|Any CPU
		{B1F5CD9F-9A10-417F-A2E2-644F1A3DC37B}.Release|Any CPU.Build.0 = Release|Any CPU
		{8A10FA4F-4AEE-4BF3-9362-489967E7438F}.Debug|Any CPU.ActiveCfg = Debug|Any CPU
		{8A10FA4F-4AEE-4BF3-9362-489967E7438F}.Debug|Any CPU.Build.0 = Debug|Any CPU
		{8A10FA4F-4AEE-4BF3-9362-489967E7438F}.Release|Any CPU.ActiveCfg = Release|Any CPU
		{8A10FA4F-4AEE-4BF3-9362-489967E7438F}.Release|Any CPU.Build.0 = Release|Any CPU
		{A314F949-3ECE-40A9-8F29-D9D5BC2F5B04}.Debug|Any CPU.ActiveCfg = Debug|Any CPU
		{A314F949-3ECE-40A9-8F29-D9D5BC2F5B04}.Debug|Any CPU.Build.0 = Debug|Any CPU
		{A314F949-3ECE-40A9-8F29-D9D5BC2F5B04}.Release|Any CPU.ActiveCfg = Release|Any CPU
		{A314F949-3ECE-40A9-8F29-D9D5BC2F5B04}.Release|Any CPU.Build.0 = Release|Any CPU
		{FCB0CEFC-9C73-438B-9474-1BEBA59773FE}.Debug|Any CPU.ActiveCfg = Debug|Any CPU
		{FCB0CEFC-9C73-438B-9474-1BEBA59773FE}.Debug|Any CPU.Build.0 = Debug|Any CPU
		{FCB0CEFC-9C73-438B-9474-1BEBA59773FE}.Release|Any CPU.ActiveCfg = Release|Any CPU
		{FCB0CEFC-9C73-438B-9474-1BEBA59773FE}.Release|Any CPU.Build.0 = Release|Any CPU
		{7E336DFE-7F62-4DB3-97B0-DC56F87FD2CD}.Debug|Any CPU.ActiveCfg = Debug|Any CPU
		{7E336DFE-7F62-4DB3-97B0-DC56F87FD2CD}.Debug|Any CPU.Build.0 = Debug|Any CPU
		{7E336DFE-7F62-4DB3-97B0-DC56F87FD2CD}.Release|Any CPU.ActiveCfg = Release|Any CPU
		{7E336DFE-7F62-4DB3-97B0-DC56F87FD2CD}.Release|Any CPU.Build.0 = Release|Any CPU
	EndGlobalSection
	GlobalSection(SolutionProperties) = preSolution
		HideSolutionNode = FALSE
	EndGlobalSection
	GlobalSection(NestedProjects) = preSolution
		{DF11EF7B-4421-442B-AFCB-F00C0A401017} = {643AA502-4E4B-4B2F-9443-BEB93AE7831B}
		{8A53ED5C-E01F-4754-BCE5-96DD2153E3BE} = {643AA502-4E4B-4B2F-9443-BEB93AE7831B}
		{CF00FD07-3695-4757-A864-E505054D8605} = {643AA502-4E4B-4B2F-9443-BEB93AE7831B}
		{A9196DDE-59F2-4503-BF2A-0CACF68EDE21} = {C3481B44-A88F-465D-97C7-42732664D66D}
		{233192DF-0E94-43FD-A1D0-24FCDAF6E8D3} = {C3481B44-A88F-465D-97C7-42732664D66D}
		{39831BBB-3E46-4DDD-B119-B295F1EDC9D2} = {C3481B44-A88F-465D-97C7-42732664D66D}
		{15567316-4F8D-40FE-9924-16E170600AAA} = {58379B41-4746-433D-B24E-C6AC249DA33C}
		{B1F5CD9F-9A10-417F-A2E2-644F1A3DC37B} = {58379B41-4746-433D-B24E-C6AC249DA33C}
		{8A10FA4F-4AEE-4BF3-9362-489967E7438F} = {58379B41-4746-433D-B24E-C6AC249DA33C}
		{A314F949-3ECE-40A9-8F29-D9D5BC2F5B04} = {3D4BB372-B9D2-4D93-8784-B7DF7249DE49}
		{FCB0CEFC-9C73-438B-9474-1BEBA59773FE} = {3D4BB372-B9D2-4D93-8784-B7DF7249DE49}
		{7E336DFE-7F62-4DB3-97B0-DC56F87FD2CD} = {3D4BB372-B9D2-4D93-8784-B7DF7249DE49}
	EndGlobalSection
	GlobalSection(ExtensibilityGlobals) = postSolution
		SolutionGuid = {8A4DB49E-47F9-4730-8F8E-81BBECA5BA30}
	EndGlobalSection
EndGlobal
